// !$*UTF8*$!
{
	archiveVersion = 1;
	classes = {
	};
	objectVersion = 55;
	objects = {

/* Begin PBXBuildFile section */
		5034E76B27B434B600941304 /* CircleImage.swift in Sources */ = {isa = PBXBuildFile; fileRef = 5034E76A27B434B600941304 /* CircleImage.swift */; };
		5034E76D27B435F400941304 /* MapView.swift in Sources */ = {isa = PBXBuildFile; fileRef = 5034E76C27B435F400941304 /* MapView.swift */; };
		5034E76F27B4504000941304 /* landmarkData.json in Resources */ = {isa = PBXBuildFile; fileRef = 5034E76E27B4504000941304 /* landmarkData.json */; };
		5034E77327B4509300941304 /* Landmark.swift in Sources */ = {isa = PBXBuildFile; fileRef = 5034E77227B4509300941304 /* Landmark.swift */; };
		5034E77527B4BC6400941304 /* ModelData.swift in Sources */ = {isa = PBXBuildFile; fileRef = 5034E77427B4BC6400941304 /* ModelData.swift */; };
		5034E77A27B56D1A00941304 /* LandmarkRow.swift in Sources */ = {isa = PBXBuildFile; fileRef = 5034E77927B56D1A00941304 /* LandmarkRow.swift */; };
		5034E77C27B5703D00941304 /* LandmarkList.swift in Sources */ = {isa = PBXBuildFile; fileRef = 5034E77B27B5703D00941304 /* LandmarkList.swift */; };
		5034E77E27B5718300941304 /* LandmarkDetail.swift in Sources */ = {isa = PBXBuildFile; fileRef = 5034E77D27B5718300941304 /* LandmarkDetail.swift */; };
		50812C0C27B2D88C00B714E0 /* SwiftUI_Map_stuffApp.swift in Sources */ = {isa = PBXBuildFile; fileRef = 50812C0B27B2D88C00B714E0 /* SwiftUI_Map_stuffApp.swift */; };
		50812C0E27B2D88C00B714E0 /* ContentView.swift in Sources */ = {isa = PBXBuildFile; fileRef = 50812C0D27B2D88C00B714E0 /* ContentView.swift */; };
		50812C1027B2D89100B714E0 /* Assets.xcassets in Resources */ = {isa = PBXBuildFile; fileRef = 50812C0F27B2D89100B714E0 /* Assets.xcassets */; };
		50812C1327B2D89100B714E0 /* Preview Assets.xcassets in Resources */ = {isa = PBXBuildFile; fileRef = 50812C1227B2D89100B714E0 /* Preview Assets.xcassets */; };
/* End PBXBuildFile section */

/* Begin PBXFileReference section */
		5034E76A27B434B600941304 /* CircleImage.swift */ = {isa = PBXFileReference; lastKnownFileType = sourcecode.swift; path = CircleImage.swift; sourceTree = "<group>"; };
		5034E76C27B435F400941304 /* MapView.swift */ = {isa = PBXFileReference; lastKnownFileType = sourcecode.swift; path = MapView.swift; sourceTree = "<group>"; };
		5034E76E27B4504000941304 /* landmarkData.json */ = {isa = PBXFileReference; fileEncoding = 4; lastKnownFileType = text.json; path = landmarkData.json; sourceTree = "<group>"; };
		5034E77227B4509300941304 /* Landmark.swift */ = {isa = PBXFileReference; lastKnownFileType = sourcecode.swift; path = Landmark.swift; sourceTree = "<group>"; };
		5034E77427B4BC6400941304 /* ModelData.swift */ = {isa = PBXFileReference; lastKnownFileType = sourcecode.swift; path = ModelData.swift; sourceTree = "<group>"; };
		5034E77927B56D1A00941304 /* LandmarkRow.swift */ = {isa = PBXFileReference; lastKnownFileType = sourcecode.swift; path = LandmarkRow.swift; sourceTree = "<group>"; };
		5034E77B27B5703D00941304 /* LandmarkList.swift */ = {isa = PBXFileReference; lastKnownFileType = sourcecode.swift; path = LandmarkList.swift; sourceTree = "<group>"; };
		5034E77D27B5718300941304 /* LandmarkDetail.swift */ = {isa = PBXFileReference; lastKnownFileType = sourcecode.swift; path = LandmarkDetail.swift; sourceTree = "<group>"; };
		50812C0827B2D88C00B714E0 /* SwiftUI Map stuff.app */ = {isa = PBXFileReference; explicitFileType = wrapper.application; includeInIndex = 0; path = "SwiftUI Map stuff.app"; sourceTree = BUILT_PRODUCTS_DIR; };
		50812C0B27B2D88C00B714E0 /* SwiftUI_Map_stuffApp.swift */ = {isa = PBXFileReference; lastKnownFileType = sourcecode.swift; path = SwiftUI_Map_stuffApp.swift; sourceTree = "<group>"; };
		50812C0D27B2D88C00B714E0 /* ContentView.swift */ = {isa = PBXFileReference; lastKnownFileType = sourcecode.swift; path = ContentView.swift; sourceTree = "<group>"; };
		50812C0F27B2D89100B714E0 /* Assets.xcassets */ = {isa = PBXFileReference; lastKnownFileType = folder.assetcatalog; path = Assets.xcassets; sourceTree = "<group>"; };
		50812C1227B2D89100B714E0 /* Preview Assets.xcassets */ = {isa = PBXFileReference; lastKnownFileType = folder.assetcatalog; path = "Preview Assets.xcassets"; sourceTree = "<group>"; };
/* End PBXFileReference section */

/* Begin PBXFrameworksBuildPhase section */
		50812C0527B2D88C00B714E0 /* Frameworks */ = {
			isa = PBXFrameworksBuildPhase;
			buildActionMask = 2147483647;
			files = (
			);
			runOnlyForDeploymentPostprocessing = 0;
		};
/* End PBXFrameworksBuildPhase section */

/* Begin PBXGroup section */
		5034E77627B55ED800941304 /* Views */ = {
			isa = PBXGroup;
			children = (
				5034E77D27B5718300941304 /* LandmarkDetail.swift */,
				50812C0D27B2D88C00B714E0 /* ContentView.swift */,
				5034E76C27B435F400941304 /* MapView.swift */,
				5034E76A27B434B600941304 /* CircleImage.swift */,
				5034E77927B56D1A00941304 /* LandmarkRow.swift */,
				5034E77B27B5703D00941304 /* LandmarkList.swift */,
			);
			path = Views;
			sourceTree = "<group>";
		};
		5034E77727B55EF200941304 /* Model */ = {
			isa = PBXGroup;
			children = (
				5034E77227B4509300941304 /* Landmark.swift */,
				5034E77427B4BC6400941304 /* ModelData.swift */,
			);
			path = Model;
			sourceTree = "<group>";
		};
		5034E77827B56A8600941304 /* Resources */ = {
			isa = PBXGroup;
			children = (
				5034E76E27B4504000941304 /* landmarkData.json */,
			);
			path = Resources;
			sourceTree = "<group>";
		};
		50812BFF27B2D88C00B714E0 = {
			isa = PBXGroup;
			children = (
				50812C0A27B2D88C00B714E0 /* SwiftUI Map stuff */,
				50812C0927B2D88C00B714E0 /* Products */,
			);
			sourceTree = "<group>";
		};
		50812C0927B2D88C00B714E0 /* Products */ = {
			isa = PBXGroup;
			children = (
				50812C0827B2D88C00B714E0 /* SwiftUI Map stuff.app */,
			);
			name = Products;
			sourceTree = "<group>";
		};
		50812C0A27B2D88C00B714E0 /* SwiftUI Map stuff */ = {
			isa = PBXGroup;
			children = (
				50812C0B27B2D88C00B714E0 /* SwiftUI_Map_stuffApp.swift */,
				5034E77627B55ED800941304 /* Views */,
				5034E77727B55EF200941304 /* Model */,
				5034E77827B56A8600941304 /* Resources */,
				50812C0F27B2D89100B714E0 /* Assets.xcassets */,
				50812C1127B2D89100B714E0 /* Preview Content */,
			);
			path = "SwiftUI Map stuff";
			sourceTree = "<group>";
		};
		50812C1127B2D89100B714E0 /* Preview Content */ = {
			isa = PBXGroup;
			children = (
				50812C1227B2D89100B714E0 /* Preview Assets.xcassets */,
			);
			path = "Preview Content";
			sourceTree = "<group>";
		};
/* End PBXGroup section */

/* Begin PBXNativeTarget section */
		50812C0727B2D88C00B714E0 /* SwiftUI Map stuff */ = {
			isa = PBXNativeTarget;
			buildConfigurationList = 50812C1627B2D89100B714E0 /* Build configuration list for PBXNativeTarget "SwiftUI Map stuff" */;
			buildPhases = (
				50812C0427B2D88C00B714E0 /* Sources */,
				50812C0527B2D88C00B714E0 /* Frameworks */,
				50812C0627B2D88C00B714E0 /* Resources */,
			);
			buildRules = (
			);
			dependencies = (
			);
			name = "SwiftUI Map stuff";
			productName = "SwiftUI Map stuff";
			productReference = 50812C0827B2D88C00B714E0 /* SwiftUI Map stuff.app */;
			productType = "com.apple.product-type.application";
		};
/* End PBXNativeTarget section */

/* Begin PBXProject section */
		50812C0027B2D88C00B714E0 /* Project object */ = {
			isa = PBXProject;
			attributes = {
				BuildIndependentTargetsInParallel = 1;
				LastSwiftUpdateCheck = 1320;
				LastUpgradeCheck = 1320;
				TargetAttributes = {
					50812C0727B2D88C00B714E0 = {
						CreatedOnToolsVersion = 13.2.1;
					};
				};
			};
			buildConfigurationList = 50812C0327B2D88C00B714E0 /* Build configuration list for PBXProject "SwiftUI Map stuff" */;
			compatibilityVersion = "Xcode 13.0";
			developmentRegion = en;
			hasScannedForEncodings = 0;
			knownRegions = (
				en,
				Base,
			);
			mainGroup = 50812BFF27B2D88C00B714E0;
			productRefGroup = 50812C0927B2D88C00B714E0 /* Products */;
			projectDirPath = "";
			projectRoot = "";
			targets = (
				50812C0727B2D88C00B714E0 /* SwiftUI Map stuff */,
			);
		};
/* End PBXProject section */

/* Begin PBXResourcesBuildPhase section */
		50812C0627B2D88C00B714E0 /* Resources */ = {
			isa = PBXResourcesBuildPhase;
			buildActionMask = 2147483647;
			files = (
				50812C1327B2D89100B714E0 /* Preview Assets.xcassets in Resources */,
				50812C1027B2D89100B714E0 /* Assets.xcassets in Resources */,
				5034E76F27B4504000941304 /* landmarkData.json in Resources */,
			);
			runOnlyForDeploymentPostprocessing = 0;
		};
/* End PBXResourcesBuildPhase section */

/* Begin PBXSourcesBuildPhase section */
		50812C0427B2D88C00B714E0 /* Sources */ = {
			isa = PBXSourcesBuildPhase;
			buildActionMask = 2147483647;
			files = (
				50812C0E27B2D88C00B714E0 /* ContentView.swift in Sources */,
				5034E76D27B435F400941304 /* MapView.swift in Sources */,
				50812C0C27B2D88C00B714E0 /* SwiftUI_Map_stuffApp.swift in Sources */,
				5034E77C27B5703D00941304 /* LandmarkList.swift in Sources */,
				5034E77E27B5718300941304 /* LandmarkDetail.swift in Sources */,
				5034E76B27B434B600941304 /* CircleImage.swift in Sources */,
				5034E77327B4509300941304 /* Landmark.swift in Sources */,
				5034E77A27B56D1A00941304 /* LandmarkRow.swift in Sources */,
				5034E77527B4BC6400941304 /* ModelData.swift in Sources */,
			);
			runOnlyForDeploymentPostprocessing = 0;
		};
/* End PBXSourcesBuildPhase section */

/* Begin XCBuildConfiguration section */
		50812C1427B2D89100B714E0 /* Debug */ = {
			isa = XCBuildConfiguration;
			buildSettings = {
				ALWAYS_SEARCH_USER_PATHS = NO;
				CLANG_ANALYZER_NONNULL = YES;
				CLANG_ANALYZER_NUMBER_OBJECT_CONVERSION = YES_AGGRESSIVE;
				CLANG_CXX_LANGUAGE_STANDARD = "gnu++17";
				CLANG_CXX_LIBRARY = "libc++";
				CLANG_ENABLE_MODULES = YES;
				CLANG_ENABLE_OBJC_ARC = YES;
				CLANG_ENABLE_OBJC_WEAK = YES;
				CLANG_WARN_BLOCK_CAPTURE_AUTORELEASING = YES;
				CLANG_WARN_BOOL_CONVERSION = YES;
				CLANG_WARN_COMMA = YES;
				CLANG_WARN_CONSTANT_CONVERSION = YES;
				CLANG_WARN_DEPRECATED_OBJC_IMPLEMENTATIONS = YES;
				CLANG_WARN_DIRECT_OBJC_ISA_USAGE = YES_ERROR;
				CLANG_WARN_DOCUMENTATION_COMMENTS = YES;
				CLANG_WARN_EMPTY_BODY = YES;
				CLANG_WARN_ENUM_CONVERSION = YES;
				CLANG_WARN_INFINITE_RECURSION = YES;
				CLANG_WARN_INT_CONVERSION = YES;
				CLANG_WARN_NON_LITERAL_NULL_CONVERSION = YES;
				CLANG_WARN_OBJC_IMPLICIT_RETAIN_SELF = YES;
				CLANG_WARN_OBJC_LITERAL_CONVERSION = YES;
				CLANG_WARN_OBJC_ROOT_CLASS = YES_ERROR;
				CLANG_WARN_QUOTED_INCLUDE_IN_FRAMEWORK_HEADER = YES;
				CLANG_WARN_RANGE_LOOP_ANALYSIS = YES;
				CLANG_WARN_STRICT_PROTOTYPES = YES;
				CLANG_WARN_SUSPICIOUS_MOVE = YES;
				CLANG_WARN_UNGUARDED_AVAILABILITY = YES_AGGRESSIVE;
				CLANG_WARN_UNREACHABLE_CODE = YES;
				CLANG_WARN__DUPLICATE_METHOD_MATCH = YES;
				COPY_PHASE_STRIP = NO;
				DEBUG_INFORMATION_FORMAT = dwarf;
				ENABLE_STRICT_OBJC_MSGSEND = YES;
				ENABLE_TESTABILITY = YES;
				GCC_C_LANGUAGE_STANDARD = gnu11;
				GCC_DYNAMIC_NO_PIC = NO;
				GCC_NO_COMMON_BLOCKS = YES;
				GCC_OPTIMIZATION_LEVEL = 0;
				GCC_PREPROCESSOR_DEFINITIONS = (
					"DEBUG=1",
					"$(inherited)",
				);
				GCC_WARN_64_TO_32_BIT_CONVERSION = YES;
				GCC_WARN_ABOUT_RETURN_TYPE = YES_ERROR;
				GCC_WARN_UNDECLARED_SELECTOR = YES;
				GCC_WARN_UNINITIALIZED_AUTOS = YES_AGGRESSIVE;
				GCC_WARN_UNUSED_FUNCTION = YES;
				GCC_WARN_UNUSED_VARIABLE = YES;
				IPHONEOS_DEPLOYMENT_TARGET = 15.2;
				MTL_ENABLE_DEBUG_INFO = INCLUDE_SOURCE;
				MTL_FAST_MATH = YES;
				ONLY_ACTIVE_ARCH = YES;
				SDKROOT = iphoneos;
				SWIFT_ACTIVE_COMPILATION_CONDITIONS = DEBUG;
				SWIFT_OPTIMIZATION_LEVEL = "-Onone";
			};
			name = Debug;
		};
		50812C1527B2D89100B714E0 /* Release */ = {
			isa = XCBuildConfiguration;
			buildSettings = {
				ALWAYS_SEARCH_USER_PATHS = NO;
				CLANG_ANALYZER_NONNULL = YES;
				CLANG_ANALYZER_NUMBER_OBJECT_CONVERSION = YES_AGGRESSIVE;
				CLANG_CXX_LANGUAGE_STANDARD = "gnu++17";
				CLANG_CXX_LIBRARY = "libc++";
				CLANG_ENABLE_MODULES = YES;
				CLANG_ENABLE_OBJC_ARC = YES;
				CLANG_ENABLE_OBJC_WEAK = YES;
				CLANG_WARN_BLOCK_CAPTURE_AUTORELEASING = YES;
				CLANG_WARN_BOOL_CONVERSION = YES;
				CLANG_WARN_COMMA = YES;
				CLANG_WARN_CONSTANT_CONVERSION = YES;
				CLANG_WARN_DEPRECATED_OBJC_IMPLEMENTATIONS = YES;
				CLANG_WARN_DIRECT_OBJC_ISA_USAGE = YES_ERROR;
				CLANG_WARN_DOCUMENTATION_COMMENTS = YES;
				CLANG_WARN_EMPTY_BODY = YES;
				CLANG_WARN_ENUM_CONVERSION = YES;
				CLANG_WARN_INFINITE_RECURSION = YES;
				CLANG_WARN_INT_CONVERSION = YES;
				CLANG_WARN_NON_LITERAL_NULL_CONVERSION = YES;
				CLANG_WARN_OBJC_IMPLICIT_RETAIN_SELF = YES;
				CLANG_WARN_OBJC_LITERAL_CONVERSION = YES;
				CLANG_WARN_OBJC_ROOT_CLASS = YES_ERROR;
				CLANG_WARN_QUOTED_INCLUDE_IN_FRAMEWORK_HEADER = YES;
				CLANG_WARN_RANGE_LOOP_ANALYSIS = YES;
				CLANG_WARN_STRICT_PROTOTYPES = YES;
				CLANG_WARN_SUSPICIOUS_MOVE = YES;
				CLANG_WARN_UNGUARDED_AVAILABILITY = YES_AGGRESSIVE;
				CLANG_WARN_UNREACHABLE_CODE = YES;
				CLANG_WARN__DUPLICATE_METHOD_MATCH = YES;
				COPY_PHASE_STRIP = NO;
				DEBUG_INFORMATION_FORMAT = "dwarf-with-dsym";
				ENABLE_NS_ASSERTIONS = NO;
				ENABLE_STRICT_OBJC_MSGSEND = YES;
				GCC_C_LANGUAGE_STANDARD = gnu11;
				GCC_NO_COMMON_BLOCKS = YES;
				GCC_WARN_64_TO_32_BIT_CONVERSION = YES;
				GCC_WARN_ABOUT_RETURN_TYPE = YES_ERROR;
				GCC_WARN_UNDECLARED_SELECTOR = YES;
				GCC_WARN_UNINITIALIZED_AUTOS = YES_AGGRESSIVE;
				GCC_WARN_UNUSED_FUNCTION = YES;
				GCC_WARN_UNUSED_VARIABLE = YES;
				IPHONEOS_DEPLOYMENT_TARGET = 15.2;
				MTL_ENABLE_DEBUG_INFO = NO;
				MTL_FAST_MATH = YES;
				SDKROOT = iphoneos;
				SWIFT_COMPILATION_MODE = wholemodule;
				SWIFT_OPTIMIZATION_LEVEL = "-O";
				VALIDATE_PRODUCT = YES;
			};
			name = Release;
		};
		50812C1727B2D89100B714E0 /* Debug */ = {
			isa = XCBuildConfiguration;
			buildSettings = {
				ASSETCATALOG_COMPILER_APPICON_NAME = AppIcon;
				ASSETCATALOG_COMPILER_GLOBAL_ACCENT_COLOR_NAME = AccentColor;
				CODE_SIGN_STYLE = Automatic;
				CURRENT_PROJECT_VERSION = 1;
				DEVELOPMENT_ASSET_PATHS = "\"SwiftUI Map stuff/Preview Content\"";
				DEVELOPMENT_TEAM = W64R5BX9UC;
				ENABLE_PREVIEWS = YES;
				GENERATE_INFOPLIST_FILE = YES;
				INFOPLIST_KEY_UIApplicationSceneManifest_Generation = YES;
				INFOPLIST_KEY_UIApplicationSupportsIndirectInputEvents = YES;
				INFOPLIST_KEY_UILaunchScreen_Generation = YES;
				INFOPLIST_KEY_UISupportedInterfaceOrientations_iPad = "UIInterfaceOrientationPortrait UIInterfaceOrientationPortraitUpsideDown UIInterfaceOrientationLandscapeLeft UIInterfaceOrientationLandscapeRight";
				INFOPLIST_KEY_UISupportedInterfaceOrientations_iPhone = "UIInterfaceOrientationPortrait UIInterfaceOrientationLandscapeLeft UIInterfaceOrientationLandscapeRight";
				LD_RUNPATH_SEARCH_PATHS = (
					"$(inherited)",
					"@executable_path/Frameworks",
				);
				MARKETING_VERSION = 1.0;
				PRODUCT_BUNDLE_IDENTIFIER = "test.SwiftUI-Map-stuff";
				PRODUCT_NAME = "$(TARGET_NAME)";
				SWIFT_EMIT_LOC_STRINGS = YES;
				SWIFT_VERSION = 5.0;
				TARGETED_DEVICE_FAMILY = "1,2";
			};
			name = Debug;
		};
		50812C1827B2D89100B714E0 /* Release */ = {
			isa = XCBuildConfiguration;
			buildSettings = {
				ASSETCATALOG_COMPILER_APPICON_NAME = AppIcon;
				ASSETCATALOG_COMPILER_GLOBAL_ACCENT_COLOR_NAME = AccentColor;
				CODE_SIGN_STYLE = Automatic;
				CURRENT_PROJECT_VERSION = 1;
				DEVELOPMENT_ASSET_PATHS = "\"SwiftUI Map stuff/Preview Content\"";
				DEVELOPMENT_TEAM = W64R5BX9UC;
				ENABLE_PREVIEWS = YES;
				GENERATE_INFOPLIST_FILE = YES;
				INFOPLIST_KEY_UIApplicationSceneManifest_Generation = YES;
				INFOPLIST_KEY_UIApplicationSupportsIndirectInputEvents = YES;
				INFOPLIST_KEY_UILaunchScreen_Generation = YES;
				INFOPLIST_KEY_UISupportedInterfaceOrientations_iPad = "UIInterfaceOrientationPortrait UIInterfaceOrientationPortraitUpsideDown UIInterfaceOrientationLandscapeLeft UIInterfaceOrientationLandscapeRight";
				INFOPLIST_KEY_UISupportedInterfaceOrientations_iPhone = "UIInterfaceOrientationPortrait UIInterfaceOrientationLandscapeLeft UIInterfaceOrientationLandscapeRight";
				LD_RUNPATH_SEARCH_PATHS = (
					"$(inherited)",
					"@executable_path/Frameworks",
				);
				MARKETING_VERSION = 1.0;
				PRODUCT_BUNDLE_IDENTIFIER = "test.SwiftUI-Map-stuff";
				PRODUCT_NAME = "$(TARGET_NAME)";
				SWIFT_EMIT_LOC_STRINGS = YES;
				SWIFT_VERSION = 5.0;
				TARGETED_DEVICE_FAMILY = "1,2";
			};
			name = Release;
		};
/* End XCBuildConfiguration section */

/* Begin XCConfigurationList section */
		50812C0327B2D88C00B714E0 /* Build configuration list for PBXProject "SwiftUI Map stuff" */ = {
			isa = XCConfigurationList;
			buildConfigurations = (
				50812C1427B2D89100B714E0 /* Debug */,
				50812C1527B2D89100B714E0 /* Release */,
			);
			defaultConfigurationIsVisible = 0;
			defaultConfigurationName = Release;
		};
		50812C1627B2D89100B714E0 /* Build configuration list for PBXNativeTarget "SwiftUI Map stuff" */ = {
			isa = XCConfigurationList;
			buildConfigurations = (
				50812C1727B2D89100B714E0 /* Debug */,
				50812C1827B2D89100B714E0 /* Release */,
			);
			defaultConfigurationIsVisible = 0;
			defaultConfigurationName = Release;
		};
/* End XCConfigurationList section */
	};
	rootObject = 50812C0027B2D88C00B714E0 /* Project object */;
}
